uuid: d94d49be-cea2-4f74-b75f-6bff9fc53dfe
langcode: en
status: true
dependencies:
  config:
    - views.view.author_week
  module:
    - system
    - views
  theme:
    - beauty
id: views_block__author_week_block
theme: beauty
region: left_sidebar
weight: 0
provider: null
plugin: 'views_block:author_week-block_1'
settings:
  id: 'views_block:author_week-block_1'
  label: ''
  provider: views
  label_display: visible
  views_label: ''
  items_per_page: none
visibility:
  request_path:
    id: request_path
    pages: '<front>'
    negate: false
    context_mapping: {  }
